{
  "name": "pythonProject17",
  "lockfileVersion": 3,
  "requires": true,
  "packages": {
    "": {
      "dependencies": {
        "emojiimages": "^1.2.1"
      }
    },
    "node_modules/emojiimages": {
      "version": "1.2.1",
      "resolved": "https://registry.npmjs.org/emojiimages/-/emojiimages-1.2.1.tgz",
      "integrity": "sha512-eJZx/PSkSLcB87DFvlG1/61iL30ExnA2VCDWjV+41kpklZtmpRXO0gVzxrXWs1+4CQ2RIAsuDvB0RFANWWtjpQ=="
    }
  }
}
